# This file is automatically @generated by Cargo.
# It is not intended for manual editing.
version = 3

[[package]]
name = "day-02"
version = "0.1.0"
dependencies = [
 "utils",
]

[[package]]
name = "day-03"
version = "0.1.0"
dependencies = [
 "iter-chunks",
 "utils",
]

[[package]]
name = "day-0s1"
version = "0.1.0"
dependencies = [
 "utils",
]

[[package]]
name = "iter-chunks"
version = "0.1.3"
source = "registry+https://github.com/rust-lang/crates.io-index"
checksum = "b7abddfc4e19bc38f3922e41b341fedb4e1470e922f024c4e5ae5922f56c7593"

[[package]]
name = "utils"
version = "0.1.0"
